
Microsoft Visual Studio Solution File, Format Version 12.00
# Visual Studio Version 17
VisualStudioVersion = 17.6.33815.320
MinimumVisualStudioVersion = 10.0.40219.1
Project("{FAE04EC0-301F-11D3-BF4B-00C04F79EFBC}") = "Time.Planning", "Time.Planning\Time.Planning.csproj", "{D328244B-F01D-4863-89FD-F7751A78F029}"
EndProject
Global
	GlobalSection(SolutionConfigurationPlatforms) = preSolution
		Debug|Any CPU = Debug|Any CPU
		Release|Any CPU = Release|Any CPU
	EndGlobalSection
	GlobalSection(ProjectConfigurationPlatforms) = postSolution
		{D328244B-F01D-4863-89FD-F7751A78F029}.Debug|Any CPU.ActiveCfg = Debug|Any CPU
		{D328244B-F01D-4863-89FD-F7751A78F029}.Debug|Any CPU.Build.0 = Debug|Any CPU
		{D328244B-F01D-4863-89FD-F7751A78F029}.Release|Any CPU.ActiveCfg = Release|Any CPU
		{D328244B-F01D-4863-89FD-F7751A78F029}.Release|Any CPU.Build.0 = Release|Any CPU
	EndGlobalSection
	GlobalSection(SolutionProperties) = preSolution
		HideSolutionNode = FALSE
	EndGlobalSection
	GlobalSection(ExtensibilityGlobals) = postSolution
		SolutionGuid = {EFEE8A9D-3782-4501-B582-2CF5D58941F9}
	EndGlobalSection
EndGlobal
